
Microsoft Visual Studio Solution File, Format Version 12.00
# Visual Studio Version 17
VisualStudioVersion = 17.5.33516.290
MinimumVisualStudioVersion = 10.0.40219.1
Project("{FAE04EC0-301F-11D3-BF4B-00C04F79EFBC}") = "Course", "Course\Course.csproj", "{24227C89-3C2F-4B9E-9D03-4998546E0C95}"
EndProject
Global
	GlobalSection(SolutionConfigurationPlatforms) = preSolution
		Debug|Any CPU = Debug|Any CPU
		Release|Any CPU = Release|Any CPU
	EndGlobalSection
	GlobalSection(ProjectConfigurationPlatforms) = postSolution
		{24227C89-3C2F-4B9E-9D03-4998546E0C95}.Debug|Any CPU.ActiveCfg = Debug|Any CPU
		{24227C89-3C2F-4B9E-9D03-4998546E0C95}.Debug|Any CPU.Build.0 = Debug|Any CPU
		{24227C89-3C2F-4B9E-9D03-4998546E0C95}.Release|Any CPU.ActiveCfg = Release|Any CPU
		{24227C89-3C2F-4B9E-9D03-4998546E0C95}.Release|Any CPU.Build.0 = Release|Any CPU
	EndGlobalSection
	GlobalSection(SolutionProperties) = preSolution
		HideSolutionNode = FALSE
	EndGlobalSection
	GlobalSection(ExtensibilityGlobals) = postSolution
		SolutionGuid = {6BAA9B93-3672-4478-83D0-4632719E0285}
	EndGlobalSection
EndGlobal
